{
  "name": "traph.macro",
  "version": "0.0.1",
  "lockfileVersion": 1,
  "requires": true,
  "dependencies": {
    "babel-macros": {
      "version": "1.0.2",
      "resolved": "https://registry.npmjs.org/babel-macros/-/babel-macros-1.0.2.tgz",
      "integrity": "sha512-xtqMaB1JB6uaCQPTdeM7KZh1WdTPxuRowmfkKQ0DMhdU/nZLK/xTfEMml9JCnQEabedRvVPwu1v3a/tj0RYLfQ=="
    }
  }
}
